// !$*UTF8*$!
{
	archiveVersion = 1;
	classes = {
	};
	objectVersion = 50;
	objects = {

/* Begin PBXBuildFile section */
		185B248D23F5E35C00DA7657 /* AppDelegate.swift in Sources */ = {isa = PBXBuildFile; fileRef = 185B248C23F5E35C00DA7657 /* AppDelegate.swift */; };
		185B248F23F5E35C00DA7657 /* ViewController.swift in Sources */ = {isa = PBXBuildFile; fileRef = 185B248E23F5E35C00DA7657 /* ViewController.swift */; };
		185B249223F5E35C00DA7657 /* Main.storyboard in Resources */ = {isa = PBXBuildFile; fileRef = 185B249023F5E35C00DA7657 /* Main.storyboard */; };
		185B249423F5E35D00DA7657 /* Assets.xcassets in Resources */ = {isa = PBXBuildFile; fileRef = 185B249323F5E35D00DA7657 /* Assets.xcassets */; };
		185B249723F5E35D00DA7657 /* LaunchScreen.storyboard in Resources */ = {isa = PBXBuildFile; fileRef = 185B249523F5E35D00DA7657 /* LaunchScreen.storyboard */; };
		185B24A223F5E35D00DA7657 /* lbTest1Tests.swift in Sources */ = {isa = PBXBuildFile; fileRef = 185B24A123F5E35D00DA7657 /* lbTest1Tests.swift */; };
		185B24AD23F5E35D00DA7657 /* lbTest1UITests.swift in Sources */ = {isa = PBXBuildFile; fileRef = 185B24AC23F5E35D00DA7657 /* lbTest1UITests.swift */; };
/* End PBXBuildFile section */

/* Begin PBXContainerItemProxy section */
		185B249E23F5E35D00DA7657 /* PBXContainerItemProxy */ = {
			isa = PBXContainerItemProxy;
			containerPortal = 185B248123F5E35C00DA7657 /* Project object */;
			proxyType = 1;
			remoteGlobalIDString = 185B248823F5E35C00DA7657;
			remoteInfo = lbTest1;
		};
		185B24A923F5E35D00DA7657 /* PBXContainerItemProxy */ = {
			isa = PBXContainerItemProxy;
			containerPortal = 185B248123F5E35C00DA7657 /* Project object */;
			proxyType = 1;
			remoteGlobalIDString = 185B248823F5E35C00DA7657;
			remoteInfo = lbTest1;
		};
/* End PBXContainerItemProxy section */

/* Begin PBXFileReference section */
		185B248923F5E35C00DA7657 /* lbTest1.app */ = {isa = PBXFileReference; explicitFileType = wrapper.application; includeInIndex = 0; path = lbTest1.app; sourceTree = BUILT_PRODUCTS_DIR; };
		185B248C23F5E35C00DA7657 /* AppDelegate.swift */ = {isa = PBXFileReference; lastKnownFileType = sourcecode.swift; path = AppDelegate.swift; sourceTree = "<group>"; };
		185B248E23F5E35C00DA7657 /* ViewController.swift */ = {isa = PBXFileReference; lastKnownFileType = sourcecode.swift; path = ViewController.swift; sourceTree = "<group>"; };
		185B249123F5E35C00DA7657 /* Base */ = {isa = PBXFileReference; lastKnownFileType = file.storyboard; name = Base; path = Base.lproj/Main.storyboard; sourceTree = "<group>"; };
		185B249323F5E35D00DA7657 /* Assets.xcassets */ = {isa = PBXFileReference; lastKnownFileType = folder.assetcatalog; path = Assets.xcassets; sourceTree = "<group>"; };
		185B249623F5E35D00DA7657 /* Base */ = {isa = PBXFileReference; lastKnownFileType = file.storyboard; name = Base; path = Base.lproj/LaunchScreen.storyboard; sourceTree = "<group>"; };
		185B249823F5E35D00DA7657 /* Info.plist */ = {isa = PBXFileReference; lastKnownFileType = text.plist.xml; path = Info.plist; sourceTree = "<group>"; };
		185B249D23F5E35D00DA7657 /* lbTest1Tests.xctest */ = {isa = PBXFileReference; explicitFileType = wrapper.cfbundle; includeInIndex = 0; path = lbTest1Tests.xctest; sourceTree = BUILT_PRODUCTS_DIR; };
		185B24A123F5E35D00DA7657 /* lbTest1Tests.swift */ = {isa = PBXFileReference; lastKnownFileType = sourcecode.swift; path = lbTest1Tests.swift; sourceTree = "<group>"; };
		185B24A323F5E35D00DA7657 /* Info.plist */ = {isa = PBXFileReference; lastKnownFileType = text.plist.xml; path = Info.plist; sourceTree = "<group>"; };
		185B24A823F5E35D00DA7657 /* lbTest1UITests.xctest */ = {isa = PBXFileReference; explicitFileType = wrapper.cfbundle; includeInIndex = 0; path = lbTest1UITests.xctest; sourceTree = BUILT_PRODUCTS_DIR; };
		185B24AC23F5E35D00DA7657 /* lbTest1UITests.swift */ = {isa = PBXFileReference; lastKnownFileType = sourcecode.swift; path = lbTest1UITests.swift; sourceTree = "<group>"; };
		185B24AE23F5E35D00DA7657 /* Info.plist */ = {isa = PBXFileReference; lastKnownFileType = text.plist.xml; path = Info.plist; sourceTree = "<group>"; };
/* End PBXFileReference section */

/* Begin PBXFrameworksBuildPhase section */
		185B248623F5E35C00DA7657 /* Frameworks */ = {
			isa = PBXFrameworksBuildPhase;
			buildActionMask = 2147483647;
			files = (
			);
			runOnlyForDeploymentPostprocessing = 0;
		};
		185B249A23F5E35D00DA7657 /* Frameworks */ = {
			isa = PBXFrameworksBuildPhase;
			buildActionMask = 2147483647;
			files = (
			);
			runOnlyForDeploymentPostprocessing = 0;
		};
		185B24A523F5E35D00DA7657 /* Frameworks */ = {
			isa = PBXFrameworksBuildPhase;
			buildActionMask = 2147483647;
			files = (
			);
			runOnlyForDeploymentPostprocessing = 0;
		};
/* End PBXFrameworksBuildPhase section */

/* Begin PBXGroup section */
		185B248023F5E35C00DA7657 = {
			isa = PBXGroup;
			children = (
				185B248B23F5E35C00DA7657 /* lbTest1 */,
				185B24A023F5E35D00DA7657 /* lbTest1Tests */,
				185B24AB23F5E35D00DA7657 /* lbTest1UITests */,
				185B248A23F5E35C00DA7657 /* Products */,
			);
			sourceTree = "<group>";
		};
		185B248A23F5E35C00DA7657 /* Products */ = {
			isa = PBXGroup;
			children = (
				185B248923F5E35C00DA7657 /* lbTest1.app */,
				185B249D23F5E35D00DA7657 /* lbTest1Tests.xctest */,
				185B24A823F5E35D00DA7657 /* lbTest1UITests.xctest */,
			);
			name = Products;
			sourceTree = "<group>";
		};
		185B248B23F5E35C00DA7657 /* lbTest1 */ = {
			isa = PBXGroup;
			children = (
				185B248C23F5E35C00DA7657 /* AppDelegate.swift */,
				185B248E23F5E35C00DA7657 /* ViewController.swift */,
				185B249023F5E35C00DA7657 /* Main.storyboard */,
				185B249323F5E35D00DA7657 /* Assets.xcassets */,
				185B249523F5E35D00DA7657 /* LaunchScreen.storyboard */,
				185B249823F5E35D00DA7657 /* Info.plist */,
			);
			path = lbTest1;
			sourceTree = "<group>";
		};
		185B24A023F5E35D00DA7657 /* lbTest1Tests */ = {
			isa = PBXGroup;
			children = (
				185B24A123F5E35D00DA7657 /* lbTest1Tests.swift */,
				185B24A323F5E35D00DA7657 /* Info.plist */,
			);
			path = lbTest1Tests;
			sourceTree = "<group>";
		};
		185B24AB23F5E35D00DA7657 /* lbTest1UITests */ = {
			isa = PBXGroup;
			children = (
				185B24AC23F5E35D00DA7657 /* lbTest1UITests.swift */,
				185B24AE23F5E35D00DA7657 /* Info.plist */,
			);
			path = lbTest1UITests;
			sourceTree = "<group>";
		};
/* End PBXGroup section */

/* Begin PBXNativeTarget section */
		185B248823F5E35C00DA7657 /* lbTest1 */ = {
			isa = PBXNativeTarget;
			buildConfigurationList = 185B24B123F5E35D00DA7657 /* Build configuration list for PBXNativeTarget "lbTest1" */;
			buildPhases = (
				185B248523F5E35C00DA7657 /* Sources */,
				185B248623F5E35C00DA7657 /* Frameworks */,
				185B248723F5E35C00DA7657 /* Resources */,
			);
			buildRules = (
			);
			dependencies = (
			);
			name = lbTest1;
			productName = lbTest1;
			productReference = 185B248923F5E35C00DA7657 /* lbTest1.app */;
			productType = "com.apple.product-type.application";
		};
		185B249C23F5E35D00DA7657 /* lbTest1Tests */ = {
			isa = PBXNativeTarget;
			buildConfigurationList = 185B24B423F5E35D00DA7657 /* Build configuration list for PBXNativeTarget "lbTest1Tests" */;
			buildPhases = (
				185B249923F5E35D00DA7657 /* Sources */,
				185B249A23F5E35D00DA7657 /* Frameworks */,
				185B249B23F5E35D00DA7657 /* Resources */,
			);
			buildRules = (
			);
			dependencies = (
				185B249F23F5E35D00DA7657 /* PBXTargetDependency */,
			);
			name = lbTest1Tests;
			productName = lbTest1Tests;
			productReference = 185B249D23F5E35D00DA7657 /* lbTest1Tests.xctest */;
			productType = "com.apple.product-type.bundle.unit-test";
		};
		185B24A723F5E35D00DA7657 /* lbTest1UITests */ = {
			isa = PBXNativeTarget;
			buildConfigurationList = 185B24B723F5E35D00DA7657 /* Build configuration list for PBXNativeTarget "lbTest1UITests" */;
			buildPhases = (
				185B24A423F5E35D00DA7657 /* Sources */,
				185B24A523F5E35D00DA7657 /* Frameworks */,
				185B24A623F5E35D00DA7657 /* Resources */,
			);
			buildRules = (
			);
			dependencies = (
				185B24AA23F5E35D00DA7657 /* PBXTargetDependency */,
			);
			name = lbTest1UITests;
			productName = lbTest1UITests;
			productReference = 185B24A823F5E35D00DA7657 /* lbTest1UITests.xctest */;
			productType = "com.apple.product-type.bundle.ui-testing";
		};
/* End PBXNativeTarget section */

/* Begin PBXProject section */
		185B248123F5E35C00DA7657 /* Project object */ = {
			isa = PBXProject;
			attributes = {
				LastSwiftUpdateCheck = 1020;
				LastUpgradeCheck = 1020;
				ORGANIZATIONNAME = "AB-Cobb";
				TargetAttributes = {
					185B248823F5E35C00DA7657 = {
						CreatedOnToolsVersion = 10.2;
					};
					185B249C23F5E35D00DA7657 = {
						CreatedOnToolsVersion = 10.2;
						TestTargetID = 185B248823F5E35C00DA7657;
					};
					185B24A723F5E35D00DA7657 = {
						CreatedOnToolsVersion = 10.2;
						TestTargetID = 185B248823F5E35C00DA7657;
					};
				};
			};
			buildConfigurationList = 185B248423F5E35C00DA7657 /* Build configuration list for PBXProject "lbTest1" */;
			compatibilityVersion = "Xcode 9.3";
			developmentRegion = en;
			hasScannedForEncodings = 0;
			knownRegions = (
				en,
				Base,
			);
			mainGroup = 185B248023F5E35C00DA7657;
			productRefGroup = 185B248A23F5E35C00DA7657 /* Products */;
			projectDirPath = "";
			projectRoot = "";
			targets = (
				185B248823F5E35C00DA7657 /* lbTest1 */,
				185B249C23F5E35D00DA7657 /* lbTest1Tests */,
				185B24A723F5E35D00DA7657 /* lbTest1UITests */,
			);
		};
/* End PBXProject section */

/* Begin PBXResourcesBuildPhase section */
		185B248723F5E35C00DA7657 /* Resources */ = {
			isa = PBXResourcesBuildPhase;
			buildActionMask = 2147483647;
			files = (
				185B249723F5E35D00DA7657 /* LaunchScreen.storyboard in Resources */,
				185B249423F5E35D00DA7657 /* Assets.xcassets in Resources */,
				185B249223F5E35C00DA7657 /* Main.storyboard in Resources */,
			);
			runOnlyForDeploymentPostprocessing = 0;
		};
		185B249B23F5E35D00DA7657 /* Resources */ = {
			isa = PBXResourcesBuildPhase;
			buildActionMask = 2147483647;
			files = (
			);
			runOnlyForDeploymentPostprocessing = 0;
		};
		185B24A623F5E35D00DA7657 /* Resources */ = {
			isa = PBXResourcesBuildPhase;
			buildActionMask = 2147483647;
			files = (
			);
			runOnlyForDeploymentPostprocessing = 0;
		};
/* End PBXResourcesBuildPhase section */

/* Begin PBXSourcesBuildPhase section */
		185B248523F5E35C00DA7657 /* Sources */ = {
			isa = PBXSourcesBuildPhase;
			buildActionMask = 2147483647;
			files = (
				185B248F23F5E35C00DA7657 /* ViewController.swift in Sources */,
				185B248D23F5E35C00DA7657 /* AppDelegate.swift in Sources */,
			);
			runOnlyForDeploymentPostprocessing = 0;
		};
		185B249923F5E35D00DA7657 /* Sources */ = {
			isa = PBXSourcesBuildPhase;
			buildActionMask = 2147483647;
			files = (
				185B24A223F5E35D00DA7657 /* lbTest1Tests.swift in Sources */,
			);
			runOnlyForDeploymentPostprocessing = 0;
		};
		185B24A423F5E35D00DA7657 /* Sources */ = {
			isa = PBXSourcesBuildPhase;
			buildActionMask = 2147483647;
			files = (
				185B24AD23F5E35D00DA7657 /* lbTest1UITests.swift in Sources */,
			);
			runOnlyForDeploymentPostprocessing = 0;
		};
/* End PBXSourcesBuildPhase section */

/* Begin PBXTargetDependency section */
		185B249F23F5E35D00DA7657 /* PBXTargetDependency */ = {
			isa = PBXTargetDependency;
			target = 185B248823F5E35C00DA7657 /* lbTest1 */;
			targetProxy = 185B249E23F5E35D00DA7657 /* PBXContainerItemProxy */;
		};
		185B24AA23F5E35D00DA7657 /* PBXTargetDependency */ = {
			isa = PBXTargetDependency;
			target = 185B248823F5E35C00DA7657 /* lbTest1 */;
			targetProxy = 185B24A923F5E35D00DA7657 /* PBXContainerItemProxy */;
		};
/* End PBXTargetDependency section */

/* Begin PBXVariantGroup section */
		185B249023F5E35C00DA7657 /* Main.storyboard */ = {
			isa = PBXVariantGroup;
			children = (
				185B249123F5E35C00DA7657 /* Base */,
			);
			name = Main.storyboard;
			sourceTree = "<group>";
		};
		185B249523F5E35D00DA7657 /* LaunchScreen.storyboard */ = {
			isa = PBXVariantGroup;
			children = (
				185B249623F5E35D00DA7657 /* Base */,
			);
			name = LaunchScreen.storyboard;
			sourceTree = "<group>";
		};
/* End PBXVariantGroup section */

/* Begin XCBuildConfiguration section */
		185B24AF23F5E35D00DA7657 /* Debug */ = {
			isa = XCBuildConfiguration;
			buildSettings = {
				ALWAYS_SEARCH_USER_PATHS = NO;
				CLANG_ANALYZER_NONNULL = YES;
				CLANG_ANALYZER_NUMBER_OBJECT_CONVERSION = YES_AGGRESSIVE;
				CLANG_CXX_LANGUAGE_STANDARD = "gnu++14";
				CLANG_CXX_LIBRARY = "libc++";
				CLANG_ENABLE_MODULES = YES;
				CLANG_ENABLE_OBJC_ARC = YES;
				CLANG_ENABLE_OBJC_WEAK = YES;
				CLANG_WARN_BLOCK_CAPTURE_AUTORELEASING = YES;
				CLANG_WARN_BOOL_CONVERSION = YES;
				CLANG_WARN_COMMA = YES;
				CLANG_WARN_CONSTANT_CONVERSION = YES;
				CLANG_WARN_DEPRECATED_OBJC_IMPLEMENTATIONS = YES;
				CLANG_WARN_DIRECT_OBJC_ISA_USAGE = YES_ERROR;
				CLANG_WARN_DOCUMENTATION_COMMENTS = YES;
				CLANG_WARN_EMPTY_BODY = YES;
				CLANG_WARN_ENUM_CONVERSION = YES;
				CLANG_WARN_INFINITE_RECURSION = YES;
				CLANG_WARN_INT_CONVERSION = YES;
				CLANG_WARN_NON_LITERAL_NULL_CONVERSION = YES;
				CLANG_WARN_OBJC_IMPLICIT_RETAIN_SELF = YES;
				CLANG_WARN_OBJC_LITERAL_CONVERSION = YES;
				CLANG_WARN_OBJC_ROOT_CLASS = YES_ERROR;
				CLANG_WARN_RANGE_LOOP_ANALYSIS = YES;
				CLANG_WARN_STRICT_PROTOTYPES = YES;
				CLANG_WARN_SUSPICIOUS_MOVE = YES;
				CLANG_WARN_UNGUARDED_AVAILABILITY = YES_AGGRESSIVE;
				CLANG_WARN_UNREACHABLE_CODE = YES;
				CLANG_WARN__DUPLICATE_METHOD_MATCH = YES;
				CODE_SIGN_IDENTITY = "iPhone Developer";
				COPY_PHASE_STRIP = NO;
				DEBUG_INFORMATION_FORMAT = dwarf;
				ENABLE_STRICT_OBJC_MSGSEND = YES;
				ENABLE_TESTABILITY = YES;
				GCC_C_LANGUAGE_STANDARD = gnu11;
				GCC_DYNAMIC_NO_PIC = NO;
				GCC_NO_COMMON_BLOCKS = YES;
				GCC_OPTIMIZATION_LEVEL = 0;
				GCC_PREPROCESSOR_DEFINITIONS = (
					"DEBUG=1",
					"$(inherited)",
				);
				GCC_WARN_64_TO_32_BIT_CONVERSION = YES;
				GCC_WARN_ABOUT_RETURN_TYPE = YES_ERROR;
				GCC_WARN_UNDECLARED_SELECTOR = YES;
				GCC_WARN_UNINITIALIZED_AUTOS = YES_AGGRESSIVE;
				GCC_WARN_UNUSED_FUNCTION = YES;
				GCC_WARN_UNUSED_VARIABLE = YES;
				IPHONEOS_DEPLOYMENT_TARGET = 12.2;
				MTL_ENABLE_DEBUG_INFO = INCLUDE_SOURCE;
				MTL_FAST_MATH = YES;
				ONLY_ACTIVE_ARCH = YES;
				SDKROOT = iphoneos;
				SWIFT_ACTIVE_COMPILATION_CONDITIONS = DEBUG;
				SWIFT_OPTIMIZATION_LEVEL = "-Onone";
			};
			name = Debug;
		};
		185B24B023F5E35D00DA7657 /* Release */ = {
			isa = XCBuildConfiguration;
			buildSettings = {
				ALWAYS_SEARCH_USER_PATHS = NO;
				CLANG_ANALYZER_NONNULL = YES;
				CLANG_ANALYZER_NUMBER_OBJECT_CONVERSION = YES_AGGRESSIVE;
				CLANG_CXX_LANGUAGE_STANDARD = "gnu++14";
				CLANG_CXX_LIBRARY = "libc++";
				CLANG_ENABLE_MODULES = YES;
				CLANG_ENABLE_OBJC_ARC = YES;
				CLANG_ENABLE_OBJC_WEAK = YES;
				CLANG_WARN_BLOCK_CAPTURE_AUTORELEASING = YES;
				CLANG_WARN_BOOL_CONVERSION = YES;
				CLANG_WARN_COMMA = YES;
				CLANG_WARN_CONSTANT_CONVERSION = YES;
				CLANG_WARN_DEPRECATED_OBJC_IMPLEMENTATIONS = YES;
				CLANG_WARN_DIRECT_OBJC_ISA_USAGE = YES_ERROR;
				CLANG_WARN_DOCUMENTATION_COMMENTS = YES;
				CLANG_WARN_EMPTY_BODY = YES;
				CLANG_WARN_ENUM_CONVERSION = YES;
				CLANG_WARN_INFINITE_RECURSION = YES;
				CLANG_WARN_INT_CONVERSION = YES;
				CLANG_WARN_NON_LITERAL_NULL_CONVERSION = YES;
				CLANG_WARN_OBJC_IMPLICIT_RETAIN_SELF = YES;
				CLANG_WARN_OBJC_LITERAL_CONVERSION = YES;
				CLANG_WARN_OBJC_ROOT_CLASS = YES_ERROR;
				CLANG_WARN_RANGE_LOOP_ANALYSIS = YES;
				CLANG_WARN_STRICT_PROTOTYPES = YES;
				CLANG_WARN_SUSPICIOUS_MOVE = YES;
				CLANG_WARN_UNGUARDED_AVAILABILITY = YES_AGGRESSIVE;
				CLANG_WARN_UNREACHABLE_CODE = YES;
				CLANG_WARN__DUPLICATE_METHOD_MATCH = YES;
				CODE_SIGN_IDENTITY = "iPhone Developer";
				COPY_PHASE_STRIP = NO;
				DEBUG_INFORMATION_FORMAT = "dwarf-with-dsym";
				ENABLE_NS_ASSERTIONS = NO;
				ENABLE_STRICT_OBJC_MSGSEND = YES;
				GCC_C_LANGUAGE_STANDARD = gnu11;
				GCC_NO_COMMON_BLOCKS = YES;
				GCC_WARN_64_TO_32_BIT_CONVERSION = YES;
				GCC_WARN_ABOUT_RETURN_TYPE = YES_ERROR;
				GCC_WARN_UNDECLARED_SELECTOR = YES;
				GCC_WARN_UNINITIALIZED_AUTOS = YES_AGGRESSIVE;
				GCC_WARN_UNUSED_FUNCTION = YES;
				GCC_WARN_UNUSED_VARIABLE = YES;
				IPHONEOS_DEPLOYMENT_TARGET = 12.2;
				MTL_ENABLE_DEBUG_INFO = NO;
				MTL_FAST_MATH = YES;
				SDKROOT = iphoneos;
				SWIFT_COMPILATION_MODE = wholemodule;
				SWIFT_OPTIMIZATION_LEVEL = "-O";
				VALIDATE_PRODUCT = YES;
			};
			name = Release;
		};
		185B24B223F5E35D00DA7657 /* Debug */ = {
			isa = XCBuildConfiguration;
			buildSettings = {
				ASSETCATALOG_COMPILER_APPICON_NAME = AppIcon;
				CODE_SIGN_STYLE = Automatic;
				INFOPLIST_FILE = lbTest1/Info.plist;
				LD_RUNPATH_SEARCH_PATHS = (
					"$(inherited)",
					"@executable_path/Frameworks",
				);
				PRODUCT_BUNDLE_IDENTIFIER = "andrew.cobbs-web.com.lbTest1";
				PRODUCT_NAME = "$(TARGET_NAME)";
				SWIFT_VERSION = 5.0;
				TARGETED_DEVICE_FAMILY = "1,2";
			};
			name = Debug;
		};
		185B24B323F5E35D00DA7657 /* Release */ = {
			isa = XCBuildConfiguration;
			buildSettings = {
				ASSETCATALOG_COMPILER_APPICON_NAME = AppIcon;
				CODE_SIGN_STYLE = Automatic;
				INFOPLIST_FILE = lbTest1/Info.plist;
				LD_RUNPATH_SEARCH_PATHS = (
					"$(inherited)",
					"@executable_path/Frameworks",
				);
				PRODUCT_BUNDLE_IDENTIFIER = "andrew.cobbs-web.com.lbTest1";
				PRODUCT_NAME = "$(TARGET_NAME)";
				SWIFT_VERSION = 5.0;
				TARGETED_DEVICE_FAMILY = "1,2";
			};
			name = Release;
		};
		185B24B523F5E35D00DA7657 /* Debug */ = {
			isa = XCBuildConfiguration;
			buildSettings = {
				ALWAYS_EMBED_SWIFT_STANDARD_LIBRARIES = YES;
				BUNDLE_LOADER = "$(TEST_HOST)";
				CODE_SIGN_STYLE = Automatic;
				INFOPLIST_FILE = lbTest1Tests/Info.plist;
				LD_RUNPATH_SEARCH_PATHS = (
					"$(inherited)",
					"@executable_path/Frameworks",
					"@loader_path/Frameworks",
				);
				PRODUCT_BUNDLE_IDENTIFIER = "andrew.cobbs-web.com.lbTest1Tests";
				PRODUCT_NAME = "$(TARGET_NAME)";
				SWIFT_VERSION = 5.0;
				TARGETED_DEVICE_FAMILY = "1,2";
				TEST_HOST = "$(BUILT_PRODUCTS_DIR)/lbTest1.app/lbTest1";
			};
			name = Debug;
		};
		185B24B623F5E35D00DA7657 /* Release */ = {
			isa = XCBuildConfiguration;
			buildSettings = {
				ALWAYS_EMBED_SWIFT_STANDARD_LIBRARIES = YES;
				BUNDLE_LOADER = "$(TEST_HOST)";
				CODE_SIGN_STYLE = Automatic;
				INFOPLIST_FILE = lbTest1Tests/Info.plist;
				LD_RUNPATH_SEARCH_PATHS = (
					"$(inherited)",
					"@executable_path/Frameworks",
					"@loader_path/Frameworks",
				);
				PRODUCT_BUNDLE_IDENTIFIER = "andrew.cobbs-web.com.lbTest1Tests";
				PRODUCT_NAME = "$(TARGET_NAME)";
				SWIFT_VERSION = 5.0;
				TARGETED_DEVICE_FAMILY = "1,2";
				TEST_HOST = "$(BUILT_PRODUCTS_DIR)/lbTest1.app/lbTest1";
			};
			name = Release;
		};
		185B24B823F5E35D00DA7657 /* Debug */ = {
			isa = XCBuildConfiguration;
			buildSettings = {
				ALWAYS_EMBED_SWIFT_STANDARD_LIBRARIES = YES;
				CODE_SIGN_STYLE = Automatic;
				INFOPLIST_FILE = lbTest1UITests/Info.plist;
				LD_RUNPATH_SEARCH_PATHS = (
					"$(inherited)",
					"@executable_path/Frameworks",
					"@loader_path/Frameworks",
				);
				PRODUCT_BUNDLE_IDENTIFIER = "andrew.cobbs-web.com.lbTest1UITests";
				PRODUCT_NAME = "$(TARGET_NAME)";
				SWIFT_VERSION = 5.0;
				TARGETED_DEVICE_FAMILY = "1,2";
				TEST_TARGET_NAME = lbTest1;
			};
			name = Debug;
		};
		185B24B923F5E35D00DA7657 /* Release */ = {
			isa = XCBuildConfiguration;
			buildSettings = {
				ALWAYS_EMBED_SWIFT_STANDARD_LIBRARIES = YES;
				CODE_SIGN_STYLE = Automatic;
				INFOPLIST_FILE = lbTest1UITests/Info.plist;
				LD_RUNPATH_SEARCH_PATHS = (
					"$(inherited)",
					"@executable_path/Frameworks",
					"@loader_path/Frameworks",
				);
				PRODUCT_BUNDLE_IDENTIFIER = "andrew.cobbs-web.com.lbTest1UITests";
				PRODUCT_NAME = "$(TARGET_NAME)";
				SWIFT_VERSION = 5.0;
				TARGETED_DEVICE_FAMILY = "1,2";
				TEST_TARGET_NAME = lbTest1;
			};
			name = Release;
		};
/* End XCBuildConfiguration section */

/* Begin XCConfigurationList section */
		185B248423F5E35C00DA7657 /* Build configuration list for PBXProject "lbTest1" */ = {
			isa = XCConfigurationList;
			buildConfigurations = (
				185B24AF23F5E35D00DA7657 /* Debug */,
				185B24B023F5E35D00DA7657 /* Release */,
			);
			defaultConfigurationIsVisible = 0;
			defaultConfigurationName = Release;
		};
		185B24B123F5E35D00DA7657 /* Build configuration list for PBXNativeTarget "lbTest1" */ = {
			isa = XCConfigurationList;
			buildConfigurations = (
				185B24B223F5E35D00DA7657 /* Debug */,
				185B24B323F5E35D00DA7657 /* Release */,
			);
			defaultConfigurationIsVisible = 0;
			defaultConfigurationName = Release;
		};
		185B24B423F5E35D00DA7657 /* Build configuration list for PBXNativeTarget "lbTest1Tests" */ = {
			isa = XCConfigurationList;
			buildConfigurations = (
				185B24B523F5E35D00DA7657 /* Debug */,
				185B24B623F5E35D00DA7657 /* Release */,
			);
			defaultConfigurationIsVisible = 0;
			defaultConfigurationName = Release;
		};
		185B24B723F5E35D00DA7657 /* Build configuration list for PBXNativeTarget "lbTest1UITests" */ = {
			isa = XCConfigurationList;
			buildConfigurations = (
				185B24B823F5E35D00DA7657 /* Debug */,
				185B24B923F5E35D00DA7657 /* Release */,
			);
			defaultConfigurationIsVisible = 0;
			defaultConfigurationName = Release;
		};
/* End XCConfigurationList section */
	};
	rootObject = 185B248123F5E35C00DA7657 /* Project object */;
}
